
Microsoft Visual Studio Solution File, Format Version 12.00
# Visual Studio Version 16
VisualStudioVersion = 16.0.29020.237
MinimumVisualStudioVersion = 10.0.40219.1
Project("{FAE04EC0-301F-11D3-BF4B-00C04F79EFBC}") = "FindBestPrice", "FindBestPrice\FindBestPrice.csproj", "{40FE4FA5-D666-400E-9BE3-6239661D21D0}"
EndProject
Global
	GlobalSection(SolutionConfigurationPlatforms) = preSolution
		Debug|Any CPU = Debug|Any CPU
		Release|Any CPU = Release|Any CPU
	EndGlobalSection
	GlobalSection(ProjectConfigurationPlatforms) = postSolution
		{40FE4FA5-D666-400E-9BE3-6239661D21D0}.Debug|Any CPU.ActiveCfg = Debug|Any CPU
		{40FE4FA5-D666-400E-9BE3-6239661D21D0}.Debug|Any CPU.Build.0 = Debug|Any CPU
		{40FE4FA5-D666-400E-9BE3-6239661D21D0}.Release|Any CPU.ActiveCfg = Release|Any CPU
		{40FE4FA5-D666-400E-9BE3-6239661D21D0}.Release|Any CPU.Build.0 = Release|Any CPU
	EndGlobalSection
	GlobalSection(SolutionProperties) = preSolution
		HideSolutionNode = FALSE
	EndGlobalSection
	GlobalSection(ExtensibilityGlobals) = postSolution
		SolutionGuid = {87BF55DD-71A5-4378-8261-FE14607DCE90}
	EndGlobalSection
EndGlobal
